
Microsoft Visual Studio Solution File, Format Version 12.00
# Visual Studio 2013
VisualStudioVersion = 12.0.21005.1
MinimumVisualStudioVersion = 10.0.40219.1
Project("{FAE04EC0-301F-11D3-BF4B-00C04F79EFBC}") = "Hello", "Hello\Hello.csproj", "{D3006B41-98F1-416E-867F-8BFEE19A1C8B}"
EndProject
Project("{FAE04EC0-301F-11D3-BF4B-00C04F79EFBC}") = "Example1", "..\MyFirstApp\Example1.csproj", "{C7C14B20-1A30-422C-8AA2-C35CEF221FF6}"
EndProject
Project("{FAE04EC0-301F-11D3-BF4B-00C04F79EFBC}") = "Example2", "..\Example2\Example2.csproj", "{A6CECE03-9B96-4D60-A567-1A6AE497013A}"
EndProject
Global
	GlobalSection(SolutionConfigurationPlatforms) = preSolution
		Debug|Any CPU = Debug|Any CPU
		Release|Any CPU = Release|Any CPU
	EndGlobalSection
	GlobalSection(ProjectConfigurationPlatforms) = postSolution
		{D3006B41-98F1-416E-867F-8BFEE19A1C8B}.Debug|Any CPU.ActiveCfg = Debug|Any CPU
		{D3006B41-98F1-416E-867F-8BFEE19A1C8B}.Debug|Any CPU.Build.0 = Debug|Any CPU
		{D3006B41-98F1-416E-867F-8BFEE19A1C8B}.Release|Any CPU.ActiveCfg = Release|Any CPU
		{D3006B41-98F1-416E-867F-8BFEE19A1C8B}.Release|Any CPU.Build.0 = Release|Any CPU
		{C7C14B20-1A30-422C-8AA2-C35CEF221FF6}.Debug|Any CPU.ActiveCfg = Debug|Any CPU
		{C7C14B20-1A30-422C-8AA2-C35CEF221FF6}.Debug|Any CPU.Build.0 = Debug|Any CPU
		{C7C14B20-1A30-422C-8AA2-C35CEF221FF6}.Release|Any CPU.ActiveCfg = Release|Any CPU
		{C7C14B20-1A30-422C-8AA2-C35CEF221FF6}.Release|Any CPU.Build.0 = Release|Any CPU
		{A6CECE03-9B96-4D60-A567-1A6AE497013A}.Debug|Any CPU.ActiveCfg = Debug|Any CPU
		{A6CECE03-9B96-4D60-A567-1A6AE497013A}.Debug|Any CPU.Build.0 = Debug|Any CPU
		{A6CECE03-9B96-4D60-A567-1A6AE497013A}.Release|Any CPU.ActiveCfg = Release|Any CPU
		{A6CECE03-9B96-4D60-A567-1A6AE497013A}.Release|Any CPU.Build.0 = Release|Any CPU
	EndGlobalSection
	GlobalSection(SolutionProperties) = preSolution
		HideSolutionNode = FALSE
	EndGlobalSection
EndGlobal
